// !$*UTF8*$!
{
	archiveVersion = 1;
	classes = {
	};
	objectVersion = 77;
	objects = {

/* Begin PBXBuildFile section */
		01634FB78D42C465212540EA /* BatchAddReviewItemsView.swift in Sources */ = {isa = PBXBuildFile; fileRef = 0FFAF335CDD525B5AAB52CC1 /* BatchAddReviewItemsView.swift */; };
		02170754DD292DCFA5C74304 /* MediaLibraryStore.swift in Sources */ = {isa = PBXBuildFile; fileRef = DCF86A62DB2A1AA848434BAC /* MediaLibraryStore.swift */; };
		05D5B2F072C304A399E4A4F8 /* MediaLibraryStorage.swift in Sources */ = {isa = PBXBuildFile; fileRef = F77C7D3F87D5519E83569CA0 /* MediaLibraryStorage.swift */; };
		0CF6EA9D83611EC51A035122 /* ReviewRecord.swift in Sources */ = {isa = PBXBuildFile; fileRef = 0ACD58BD800639DC62AB3988 /* ReviewRecord.swift */; };
		1BE60DD7F25B825A3006B512 /* Assets.xcassets in Resources */ = {isa = PBXBuildFile; fileRef = 53A5B91D2CA89AF3672C96CD /* Assets.xcassets */; };
		1F5BBAEFD6C810FCEBCB7CBD /* LibraryView.swift in Sources */ = {isa = PBXBuildFile; fileRef = 835499BE852352E7085C7083 /* LibraryView.swift */; };
		231AA24240FC6FCBD6A369F2 /* BatchReviewSessionView.swift in Sources */ = {isa = PBXBuildFile; fileRef = CA218905C6AD638CB04C774E /* BatchReviewSessionView.swift */; };
		236146C126C23D9B6E5D5C5C /* AppSettings.swift in Sources */ = {isa = PBXBuildFile; fileRef = 7B43E29B6728FBAA1D22D769 /* AppSettings.swift */; };
		27CD033589B8502762E72EAE /* TaskCompletion.swift in Sources */ = {isa = PBXBuildFile; fileRef = 2D7771FE4082F787A64A1D4D /* TaskCompletion.swift */; };
		2A7CAA439DC94CE3F611031F /* DictationEntry.swift in Sources */ = {isa = PBXBuildFile; fileRef = D0F396BBF587A380BEE3F397 /* DictationEntry.swift */; };
		2E1F7231B968C31E01B33689 /* AppSettings.swift in Sources */ = {isa = PBXBuildFile; fileRef = 7B43E29B6728FBAA1D22D769 /* AppSettings.swift */; };
		306CEB94A3A077245DAFD545 /* TasksView.swift in Sources */ = {isa = PBXBuildFile; fileRef = 08B33BBC82EF65E89FA0551B /* TasksView.swift */; };
		33ABD76890827A3B0D6FB67D /* DictationHomeView.swift in Sources */ = {isa = PBXBuildFile; fileRef = 31BDBB729EB669636A559549 /* DictationHomeView.swift */; };
		3691366ACBA76922B16B1786 /* TaskCompletion.swift in Sources */ = {isa = PBXBuildFile; fileRef = 2D7771FE4082F787A64A1D4D /* TaskCompletion.swift */; };
		38BD7003450DFB87BFB47732 /* TypoWidget.swift in Sources */ = {isa = PBXBuildFile; fileRef = 7EFCE1B1D4218D4C5A356E18 /* TypoWidget.swift */; };
		3AF15FAED92D5ED817ABE383 /* ReviewItem.swift in Sources */ = {isa = PBXBuildFile; fileRef = 1F447BB1A692AD23B681C92C /* ReviewItem.swift */; };
		3B1FE29B5A75D2743576EB5E /* AdvancedSyncDiagnosticView.swift in Sources */ = {isa = PBXBuildFile; fileRef = 9428563BD9F0F854A49B690F /* AdvancedSyncDiagnosticView.swift */; };
		49CCE52D144C3A48092DD4FE /* SharedUI.swift in Sources */ = {isa = PBXBuildFile; fileRef = D475A66F00FA0F89DB5D4410 /* SharedUI.swift */; };
		49F46D567B3A573F4FD1D62F /* DictationSession.swift in Sources */ = {isa = PBXBuildFile; fileRef = 9408EBC5E29D4004352C8DC2 /* DictationSession.swift */; };
		4A62774D722D1EF6EE0B35CB /* ReviewSessionView.swift in Sources */ = {isa = PBXBuildFile; fileRef = 73337980C30B8D19A0BB0A00 /* ReviewSessionView.swift */; };
		50A85F34E578AC04F3CDF307 /* TypoWidget.appex in Embed Foundation Extensions */ = {isa = PBXBuildFile; fileRef = 12EA916B6EFB0544962DF01F /* TypoWidget.appex */; settings = {ATTRIBUTES = (RemoveHeadersOnCopy, ); }; };
		52C80639956553686BF9E68F /* DictationSession.swift in Sources */ = {isa = PBXBuildFile; fileRef = 9408EBC5E29D4004352C8DC2 /* DictationSession.swift */; };
		54DF6B78B07A19D666591EA1 /* TypoWidgetControl.swift in Sources */ = {isa = PBXBuildFile; fileRef = C7493E1855BFD5AE60AD8CA2 /* TypoWidgetControl.swift */; };
		591AC7542BF73D4D646BF4F6 /* SettingsView.swift in Sources */ = {isa = PBXBuildFile; fileRef = D26E9C053301EB77882FCB38 /* SettingsView.swift */; };
		5C69CE3AE0ADF0F4CEA24B3E /* MediaLibraryView.swift in Sources */ = {isa = PBXBuildFile; fileRef = A3516E8E0523A9A64606E534 /* MediaLibraryView.swift */; };
		5FCF0E1D826394BF87A3A0AE /* DashboardBoardView.swift in Sources */ = {isa = PBXBuildFile; fileRef = 4DAC45C1C6C9D73CED4CF57E /* DashboardBoardView.swift */; };
		62551E570E2047731260F22B /* TypoReviewApp.swift in Sources */ = {isa = PBXBuildFile; fileRef = 82B57298A1B4CF7DFEF09CD9 /* TypoReviewApp.swift */; };
		67A2899B1980619FFDC0A3D3 /* ReviewItem.swift in Sources */ = {isa = PBXBuildFile; fileRef = 1F447BB1A692AD23B681C92C /* ReviewItem.swift */; };
		67A2D2AB90E5C98ED3ACD524 /* HomeView.swift in Sources */ = {isa = PBXBuildFile; fileRef = A320D12ED2C802E15DB792C0 /* HomeView.swift */; };
		68CBAC5CA5A8A53EFAE4906D /* ReviewRecord.swift in Sources */ = {isa = PBXBuildFile; fileRef = 0ACD58BD800639DC62AB3988 /* ReviewRecord.swift */; };
		6992AD6ECF794273F77DADA8 /* SyncStatusStore.swift in Sources */ = {isa = PBXBuildFile; fileRef = 3176A9E80CCC46E6333D486A /* SyncStatusStore.swift */; };
		72A0AD1C9ECE14013C08D6DA /* AppIntent.swift in Sources */ = {isa = PBXBuildFile; fileRef = EC0219F9D579B8E10D54BCAE /* AppIntent.swift */; };
		7350AF86868396BB77881B4A /* AddReviewItemView.swift in Sources */ = {isa = PBXBuildFile; fileRef = AFFC43C9FF7768E732522AE5 /* AddReviewItemView.swift */; };
		7C846FEEA034B97E5EA18910 /* ScheduleItem.swift in Sources */ = {isa = PBXBuildFile; fileRef = 2A0A42DE1DFCACBAA52B4531 /* ScheduleItem.swift */; };
		8101EFDBFE693CE7C0CEF6CE /* DataBackup.swift in Sources */ = {isa = PBXBuildFile; fileRef = D52668595FD4C40411DDCF20 /* DataBackup.swift */; };
		8B58527C28E31748BB6A27C5 /* AddDictationSessionView.swift in Sources */ = {isa = PBXBuildFile; fileRef = 35B9623148B3E1F3AF728F7B /* AddDictationSessionView.swift */; };
		8DD0DB1825D5A2A8FBA4F3AD /* Contents.json in Resources */ = {isa = PBXBuildFile; fileRef = 86837560373D9A64F21BD7FB /* Contents.json */; };
		932330CC5F580390519EA018 /* BatchReviewGradingView.swift in Sources */ = {isa = PBXBuildFile; fileRef = BD3384CB49CD514C167C97AA /* BatchReviewGradingView.swift */; };
		963D00C473C8F1621AA6A93C /* TypoWidgetBundle.swift in Sources */ = {isa = PBXBuildFile; fileRef = 9902D09D4660DE61317DFEBD /* TypoWidgetBundle.swift */; };
		999D5660FD952DBD59907F07 /* MediaPlaybackCoordinator.swift in Sources */ = {isa = PBXBuildFile; fileRef = F8826455F72FA5B533C0554E /* MediaPlaybackCoordinator.swift */; };
		9B3748AF8610AB9DAEDC55A3 /* DictationReviewView.swift in Sources */ = {isa = PBXBuildFile; fileRef = 54E7E4D3A83E8BB53D0F1DBA /* DictationReviewView.swift */; };
		9D1ADDEC791C0E72883CA9F1 /* MediaAsset.swift in Sources */ = {isa = PBXBuildFile; fileRef = D462982FDCF82CEE1F04B828 /* MediaAsset.swift */; };
		A046BF33825080EEED7D2285 /* TaskItem.swift in Sources */ = {isa = PBXBuildFile; fileRef = B6A74373962C3C4C62923384 /* TaskItem.swift */; };
		B7EB4DA6A822CF40AB65AFB9 /* SpeechAudioSession.swift in Sources */ = {isa = PBXBuildFile; fileRef = 3B6BED7625915F1CA069DAB6 /* SpeechAudioSession.swift */; };
		BA3B7C0964D938CF4B19305E /* DictationEntry.swift in Sources */ = {isa = PBXBuildFile; fileRef = D0F396BBF587A380BEE3F397 /* DictationEntry.swift */; };
		BB05FCD5CE7DA8AFAA98C5BD /* ReviewScheduler.swift in Sources */ = {isa = PBXBuildFile; fileRef = C78706DDBA19DB8AE3305527 /* ReviewScheduler.swift */; };
		BCD05E0BC0D36F08B2E1C1DC /* TaskItem.swift in Sources */ = {isa = PBXBuildFile; fileRef = B6A74373962C3C4C62923384 /* TaskItem.swift */; };
		C4A164C2713F7EBDE40E4E17 /* DictationSessionView.swift in Sources */ = {isa = PBXBuildFile; fileRef = 784F6272A4455A0B3B474874 /* DictationSessionView.swift */; };
		CBE04FABF7F77F50A74027E2 /* AddTaskView.swift in Sources */ = {isa = PBXBuildFile; fileRef = CF9F30993E7E3348AE59F070 /* AddTaskView.swift */; };
		D8F6247E90A49A83716297D8 /* Assets.xcassets in Resources */ = {isa = PBXBuildFile; fileRef = 67CBEE4738C53CAF8BFD0E09 /* Assets.xcassets */; };
		DDCF8DA830A19662393BA8B3 /* AppModel.swift in Sources */ = {isa = PBXBuildFile; fileRef = 7E8B64A4B415CF43C0F3EEDD /* AppModel.swift */; };
		DF19E9BF447813C14B3C0B4A /* AppModel.swift in Sources */ = {isa = PBXBuildFile; fileRef = 7E8B64A4B415CF43C0F3EEDD /* AppModel.swift */; };
		E1FDCFE5F33348BCFA5FBB7F /* ScheduleItem.swift in Sources */ = {isa = PBXBuildFile; fileRef = 2A0A42DE1DFCACBAA52B4531 /* ScheduleItem.swift */; };
		F24EAA2C2EDFBE490535AC3E /* RootTabView.swift in Sources */ = {isa = PBXBuildFile; fileRef = 6BED107080E55F2BD20BBDA2 /* RootTabView.swift */; };
		F2639B6BCE88ED5084EADFDB /* AddScheduleView.swift in Sources */ = {isa = PBXBuildFile; fileRef = 6A4D0019865BF5BEADD017D9 /* AddScheduleView.swift */; };
		F57CFB6F0C8C4D236FB6878D /* TypoWidgetLiveActivity.swift in Sources */ = {isa = PBXBuildFile; fileRef = 0719D37F7BD0FEE00156CFFB /* TypoWidgetLiveActivity.swift */; };
/* End PBXBuildFile section */

/* Begin PBXContainerItemProxy section */
		F178C30041669E8A17693C5A /* PBXContainerItemProxy */ = {
			isa = PBXContainerItemProxy;
			containerPortal = 01049AE488E3863200E81EBD /* Project object */;
			proxyType = 1;
			remoteGlobalIDString = E98A95C5C58C69D94F96DD52;
			remoteInfo = TypoWidget;
		};
/* End PBXContainerItemProxy section */

/* Begin PBXCopyFilesBuildPhase section */
		D4A0FE3C7847CA9AA6090167 /* Embed Foundation Extensions */ = {
			isa = PBXCopyFilesBuildPhase;
			buildActionMask = 2147483647;
			dstPath = "";
			dstSubfolderSpec = 13;
			files = (
				50A85F34E578AC04F3CDF307 /* TypoWidget.appex in Embed Foundation Extensions */,
			);
			name = "Embed Foundation Extensions";
			runOnlyForDeploymentPostprocessing = 0;
		};
/* End PBXCopyFilesBuildPhase section */

/* Begin PBXFileReference section */
		0441B64104464C1D933F10B4 /* 错字复习.entitlements */ = {isa = PBXFileReference; lastKnownFileType = text.plist.entitlements; path = "错字复习.entitlements"; sourceTree = "<group>"; };
		0719D37F7BD0FEE00156CFFB /* TypoWidgetLiveActivity.swift */ = {isa = PBXFileReference; lastKnownFileType = sourcecode.swift; path = TypoWidgetLiveActivity.swift; sourceTree = "<group>"; };
		08B33BBC82EF65E89FA0551B /* TasksView.swift */ = {isa = PBXFileReference; lastKnownFileType = sourcecode.swift; path = TasksView.swift; sourceTree = "<group>"; };
		0ACD58BD800639DC62AB3988 /* ReviewRecord.swift */ = {isa = PBXFileReference; lastKnownFileType = sourcecode.swift; path = ReviewRecord.swift; sourceTree = "<group>"; };
		0FFAF335CDD525B5AAB52CC1 /* BatchAddReviewItemsView.swift */ = {isa = PBXFileReference; lastKnownFileType = sourcecode.swift; path = BatchAddReviewItemsView.swift; sourceTree = "<group>"; };
		12EA916B6EFB0544962DF01F /* TypoWidget.appex */ = {isa = PBXFileReference; includeInIndex = 0; lastKnownFileType = "wrapper.app-extension"; path = TypoWidget.appex; sourceTree = BUILT_PRODUCTS_DIR; };
		19F5B31DFA78B77BD2DC54F2 /* 听写复习本.app */ = {isa = PBXFileReference; includeInIndex = 0; lastKnownFileType = wrapper.application; path = "听写复习本.app"; sourceTree = BUILT_PRODUCTS_DIR; };
		1F447BB1A692AD23B681C92C /* ReviewItem.swift */ = {isa = PBXFileReference; lastKnownFileType = sourcecode.swift; path = ReviewItem.swift; sourceTree = "<group>"; };
		2A0A42DE1DFCACBAA52B4531 /* ScheduleItem.swift */ = {isa = PBXFileReference; lastKnownFileType = sourcecode.swift; path = ScheduleItem.swift; sourceTree = "<group>"; };
		2D7771FE4082F787A64A1D4D /* TaskCompletion.swift */ = {isa = PBXFileReference; lastKnownFileType = sourcecode.swift; path = TaskCompletion.swift; sourceTree = "<group>"; };
		3176A9E80CCC46E6333D486A /* SyncStatusStore.swift */ = {isa = PBXFileReference; lastKnownFileType = sourcecode.swift; path = SyncStatusStore.swift; sourceTree = "<group>"; };
		31BDBB729EB669636A559549 /* DictationHomeView.swift */ = {isa = PBXFileReference; lastKnownFileType = sourcecode.swift; path = DictationHomeView.swift; sourceTree = "<group>"; };
		35B9623148B3E1F3AF728F7B /* AddDictationSessionView.swift */ = {isa = PBXFileReference; lastKnownFileType = sourcecode.swift; path = AddDictationSessionView.swift; sourceTree = "<group>"; };
		3B6BED7625915F1CA069DAB6 /* SpeechAudioSession.swift */ = {isa = PBXFileReference; lastKnownFileType = sourcecode.swift; path = SpeechAudioSession.swift; sourceTree = "<group>"; };
		4DAC45C1C6C9D73CED4CF57E /* DashboardBoardView.swift */ = {isa = PBXFileReference; lastKnownFileType = sourcecode.swift; path = DashboardBoardView.swift; sourceTree = "<group>"; };
		53A5B91D2CA89AF3672C96CD /* Assets.xcassets */ = {isa = PBXFileReference; lastKnownFileType = folder.assetcatalog; path = Assets.xcassets; sourceTree = "<group>"; };
		54E7E4D3A83E8BB53D0F1DBA /* DictationReviewView.swift */ = {isa = PBXFileReference; lastKnownFileType = sourcecode.swift; path = DictationReviewView.swift; sourceTree = "<group>"; };
		639EFA48907D78F1554913B1 /* Info.plist */ = {isa = PBXFileReference; lastKnownFileType = text.plist; path = Info.plist; sourceTree = "<group>"; };
		67CBEE4738C53CAF8BFD0E09 /* Assets.xcassets */ = {isa = PBXFileReference; lastKnownFileType = folder.assetcatalog; path = Assets.xcassets; sourceTree = "<group>"; };
		6A4D0019865BF5BEADD017D9 /* AddScheduleView.swift */ = {isa = PBXFileReference; lastKnownFileType = sourcecode.swift; path = AddScheduleView.swift; sourceTree = "<group>"; };
		6BED107080E55F2BD20BBDA2 /* RootTabView.swift */ = {isa = PBXFileReference; lastKnownFileType = sourcecode.swift; path = RootTabView.swift; sourceTree = "<group>"; };
		73337980C30B8D19A0BB0A00 /* ReviewSessionView.swift */ = {isa = PBXFileReference; lastKnownFileType = sourcecode.swift; path = ReviewSessionView.swift; sourceTree = "<group>"; };
		784F6272A4455A0B3B474874 /* DictationSessionView.swift */ = {isa = PBXFileReference; lastKnownFileType = sourcecode.swift; path = DictationSessionView.swift; sourceTree = "<group>"; };
		7B43E29B6728FBAA1D22D769 /* AppSettings.swift */ = {isa = PBXFileReference; lastKnownFileType = sourcecode.swift; path = AppSettings.swift; sourceTree = "<group>"; };
		7E8B64A4B415CF43C0F3EEDD /* AppModel.swift */ = {isa = PBXFileReference; lastKnownFileType = sourcecode.swift; path = AppModel.swift; sourceTree = "<group>"; };
		7EFCE1B1D4218D4C5A356E18 /* TypoWidget.swift */ = {isa = PBXFileReference; lastKnownFileType = sourcecode.swift; path = TypoWidget.swift; sourceTree = "<group>"; };
		82B57298A1B4CF7DFEF09CD9 /* TypoReviewApp.swift */ = {isa = PBXFileReference; lastKnownFileType = sourcecode.swift; path = TypoReviewApp.swift; sourceTree = "<group>"; };
		835499BE852352E7085C7083 /* LibraryView.swift */ = {isa = PBXFileReference; lastKnownFileType = sourcecode.swift; path = LibraryView.swift; sourceTree = "<group>"; };
		86837560373D9A64F21BD7FB /* Contents.json */ = {isa = PBXFileReference; lastKnownFileType = text.json; path = Contents.json; sourceTree = "<group>"; };
		93612859EE32BD2213438A48 /* Info.plist */ = {isa = PBXFileReference; lastKnownFileType = text.plist; path = Info.plist; sourceTree = "<group>"; };
		9408EBC5E29D4004352C8DC2 /* DictationSession.swift */ = {isa = PBXFileReference; lastKnownFileType = sourcecode.swift; path = DictationSession.swift; sourceTree = "<group>"; };
		9428563BD9F0F854A49B690F /* AdvancedSyncDiagnosticView.swift */ = {isa = PBXFileReference; lastKnownFileType = sourcecode.swift; path = AdvancedSyncDiagnosticView.swift; sourceTree = "<group>"; };
		9902D09D4660DE61317DFEBD /* TypoWidgetBundle.swift */ = {isa = PBXFileReference; lastKnownFileType = sourcecode.swift; path = TypoWidgetBundle.swift; sourceTree = "<group>"; };
		A320D12ED2C802E15DB792C0 /* HomeView.swift */ = {isa = PBXFileReference; lastKnownFileType = sourcecode.swift; path = HomeView.swift; sourceTree = "<group>"; };
		A3516E8E0523A9A64606E534 /* MediaLibraryView.swift */ = {isa = PBXFileReference; lastKnownFileType = sourcecode.swift; path = MediaLibraryView.swift; sourceTree = "<group>"; };
		AFFC43C9FF7768E732522AE5 /* AddReviewItemView.swift */ = {isa = PBXFileReference; lastKnownFileType = sourcecode.swift; path = AddReviewItemView.swift; sourceTree = "<group>"; };
		B6A74373962C3C4C62923384 /* TaskItem.swift */ = {isa = PBXFileReference; lastKnownFileType = sourcecode.swift; path = TaskItem.swift; sourceTree = "<group>"; };
		BD3384CB49CD514C167C97AA /* BatchReviewGradingView.swift */ = {isa = PBXFileReference; lastKnownFileType = sourcecode.swift; path = BatchReviewGradingView.swift; sourceTree = "<group>"; };
		C7493E1855BFD5AE60AD8CA2 /* TypoWidgetControl.swift */ = {isa = PBXFileReference; lastKnownFileType = sourcecode.swift; path = TypoWidgetControl.swift; sourceTree = "<group>"; };
		C78706DDBA19DB8AE3305527 /* ReviewScheduler.swift */ = {isa = PBXFileReference; lastKnownFileType = sourcecode.swift; path = ReviewScheduler.swift; sourceTree = "<group>"; };
		CA218905C6AD638CB04C774E /* BatchReviewSessionView.swift */ = {isa = PBXFileReference; lastKnownFileType = sourcecode.swift; path = BatchReviewSessionView.swift; sourceTree = "<group>"; };
		CF9F30993E7E3348AE59F070 /* AddTaskView.swift */ = {isa = PBXFileReference; lastKnownFileType = sourcecode.swift; path = AddTaskView.swift; sourceTree = "<group>"; };
		D0F396BBF587A380BEE3F397 /* DictationEntry.swift */ = {isa = PBXFileReference; lastKnownFileType = sourcecode.swift; path = DictationEntry.swift; sourceTree = "<group>"; };
		D26E9C053301EB77882FCB38 /* SettingsView.swift */ = {isa = PBXFileReference; lastKnownFileType = sourcecode.swift; path = SettingsView.swift; sourceTree = "<group>"; };
		D462982FDCF82CEE1F04B828 /* MediaAsset.swift */ = {isa = PBXFileReference; lastKnownFileType = sourcecode.swift; path = MediaAsset.swift; sourceTree = "<group>"; };
		D475A66F00FA0F89DB5D4410 /* SharedUI.swift */ = {isa = PBXFileReference; lastKnownFileType = sourcecode.swift; path = SharedUI.swift; sourceTree = "<group>"; };
		D52668595FD4C40411DDCF20 /* DataBackup.swift */ = {isa = PBXFileReference; lastKnownFileType = sourcecode.swift; path = DataBackup.swift; sourceTree = "<group>"; };
		DCF86A62DB2A1AA848434BAC /* MediaLibraryStore.swift */ = {isa = PBXFileReference; lastKnownFileType = sourcecode.swift; path = MediaLibraryStore.swift; sourceTree = "<group>"; };
		E981311286FBC45F0EFB2166 /* TypoWidget.entitlements */ = {isa = PBXFileReference; lastKnownFileType = text.plist.entitlements; path = TypoWidget.entitlements; sourceTree = "<group>"; };
		EC0219F9D579B8E10D54BCAE /* AppIntent.swift */ = {isa = PBXFileReference; lastKnownFileType = sourcecode.swift; path = AppIntent.swift; sourceTree = "<group>"; };
		F77C7D3F87D5519E83569CA0 /* MediaLibraryStorage.swift */ = {isa = PBXFileReference; lastKnownFileType = sourcecode.swift; path = MediaLibraryStorage.swift; sourceTree = "<group>"; };
		F8826455F72FA5B533C0554E /* MediaPlaybackCoordinator.swift */ = {isa = PBXFileReference; lastKnownFileType = sourcecode.swift; path = MediaPlaybackCoordinator.swift; sourceTree = "<group>"; };
/* End PBXFileReference section */

/* Begin PBXGroup section */
		19B33724B3E79573C0B39EEF /* 错字复习 */ = {
			isa = PBXGroup;
			children = (
				0441B64104464C1D933F10B4 /* 错字复习.entitlements */,
				35B9623148B3E1F3AF728F7B /* AddDictationSessionView.swift */,
				AFFC43C9FF7768E732522AE5 /* AddReviewItemView.swift */,
				6A4D0019865BF5BEADD017D9 /* AddScheduleView.swift */,
				CF9F30993E7E3348AE59F070 /* AddTaskView.swift */,
				9428563BD9F0F854A49B690F /* AdvancedSyncDiagnosticView.swift */,
				7E8B64A4B415CF43C0F3EEDD /* AppModel.swift */,
				7B43E29B6728FBAA1D22D769 /* AppSettings.swift */,
				67CBEE4738C53CAF8BFD0E09 /* Assets.xcassets */,
				0FFAF335CDD525B5AAB52CC1 /* BatchAddReviewItemsView.swift */,
				BD3384CB49CD514C167C97AA /* BatchReviewGradingView.swift */,
				CA218905C6AD638CB04C774E /* BatchReviewSessionView.swift */,
				4DAC45C1C6C9D73CED4CF57E /* DashboardBoardView.swift */,
				D52668595FD4C40411DDCF20 /* DataBackup.swift */,
				D0F396BBF587A380BEE3F397 /* DictationEntry.swift */,
				31BDBB729EB669636A559549 /* DictationHomeView.swift */,
				54E7E4D3A83E8BB53D0F1DBA /* DictationReviewView.swift */,
				9408EBC5E29D4004352C8DC2 /* DictationSession.swift */,
				784F6272A4455A0B3B474874 /* DictationSessionView.swift */,
				A320D12ED2C802E15DB792C0 /* HomeView.swift */,
				639EFA48907D78F1554913B1 /* Info.plist */,
				835499BE852352E7085C7083 /* LibraryView.swift */,
				D462982FDCF82CEE1F04B828 /* MediaAsset.swift */,
				F77C7D3F87D5519E83569CA0 /* MediaLibraryStorage.swift */,
				DCF86A62DB2A1AA848434BAC /* MediaLibraryStore.swift */,
				A3516E8E0523A9A64606E534 /* MediaLibraryView.swift */,
				F8826455F72FA5B533C0554E /* MediaPlaybackCoordinator.swift */,
				1F447BB1A692AD23B681C92C /* ReviewItem.swift */,
				0ACD58BD800639DC62AB3988 /* ReviewRecord.swift */,
				C78706DDBA19DB8AE3305527 /* ReviewScheduler.swift */,
				73337980C30B8D19A0BB0A00 /* ReviewSessionView.swift */,
				6BED107080E55F2BD20BBDA2 /* RootTabView.swift */,
				2A0A42DE1DFCACBAA52B4531 /* ScheduleItem.swift */,
				D26E9C053301EB77882FCB38 /* SettingsView.swift */,
				D475A66F00FA0F89DB5D4410 /* SharedUI.swift */,
				3B6BED7625915F1CA069DAB6 /* SpeechAudioSession.swift */,
				3176A9E80CCC46E6333D486A /* SyncStatusStore.swift */,
				2D7771FE4082F787A64A1D4D /* TaskCompletion.swift */,
				B6A74373962C3C4C62923384 /* TaskItem.swift */,
				08B33BBC82EF65E89FA0551B /* TasksView.swift */,
				82B57298A1B4CF7DFEF09CD9 /* TypoReviewApp.swift */,
				3AA1A80440A535898C789B2D /* Preview Content */,
			);
			path = "错字复习";
			sourceTree = "<group>";
		};
		3AA1A80440A535898C789B2D /* Preview Content */ = {
			isa = PBXGroup;
			children = (
				86837560373D9A64F21BD7FB /* Contents.json */,
			);
			path = "Preview Content";
			sourceTree = "<group>";
		};
		403372BBC3BC500F5D6BB989 = {
			isa = PBXGroup;
			children = (
				19B33724B3E79573C0B39EEF /* 错字复习 */,
				9AF4EB8D4B648BF6F108F774 /* TypoWidget */,
				D966FD47D52A1FF0A3232F49 /* Products */,
			);
			sourceTree = "<group>";
		};
		9AF4EB8D4B648BF6F108F774 /* TypoWidget */ = {
			isa = PBXGroup;
			children = (
				EC0219F9D579B8E10D54BCAE /* AppIntent.swift */,
				53A5B91D2CA89AF3672C96CD /* Assets.xcassets */,
				93612859EE32BD2213438A48 /* Info.plist */,
				E981311286FBC45F0EFB2166 /* TypoWidget.entitlements */,
				7EFCE1B1D4218D4C5A356E18 /* TypoWidget.swift */,
				9902D09D4660DE61317DFEBD /* TypoWidgetBundle.swift */,
				C7493E1855BFD5AE60AD8CA2 /* TypoWidgetControl.swift */,
				0719D37F7BD0FEE00156CFFB /* TypoWidgetLiveActivity.swift */,
			);
			path = TypoWidget;
			sourceTree = "<group>";
		};
		D966FD47D52A1FF0A3232F49 /* Products */ = {
			isa = PBXGroup;
			children = (
				19F5B31DFA78B77BD2DC54F2 /* 听写复习本.app */,
				12EA916B6EFB0544962DF01F /* TypoWidget.appex */,
			);
			name = Products;
			sourceTree = "<group>";
		};
/* End PBXGroup section */

/* Begin PBXNativeTarget section */
		C9F798B0DD3D68A4D4F55662 /* 听写复习本 */ = {
			isa = PBXNativeTarget;
			buildConfigurationList = EE4F2AF06CD4021E23892D25 /* Build configuration list for PBXNativeTarget "听写复习本" */;
			buildPhases = (
				4F959B8FE7098F479EE6A6A7 /* Sources */,
				2F31AA53B8FC2574ED2D8FFD /* Resources */,
				D4A0FE3C7847CA9AA6090167 /* Embed Foundation Extensions */,
			);
			buildRules = (
			);
			dependencies = (
				DE231C46CB11FD58A90DB364 /* PBXTargetDependency */,
			);
			name = "听写复习本";
			packageProductDependencies = (
			);
			productName = "听写复习本";
			productReference = 19F5B31DFA78B77BD2DC54F2 /* 听写复习本.app */;
			productType = "com.apple.product-type.application";
		};
		E98A95C5C58C69D94F96DD52 /* TypoWidget */ = {
			isa = PBXNativeTarget;
			buildConfigurationList = DB1EC2CF522640A6DB841F3F /* Build configuration list for PBXNativeTarget "TypoWidget" */;
			buildPhases = (
				439040D89F06F76CC868EEE8 /* Sources */,
				07B2624AECD7CA1EC96A3C6F /* Resources */,
			);
			buildRules = (
			);
			dependencies = (
			);
			name = TypoWidget;
			packageProductDependencies = (
			);
			productName = TypoWidget;
			productReference = 12EA916B6EFB0544962DF01F /* TypoWidget.appex */;
			productType = "com.apple.product-type.app-extension";
		};
/* End PBXNativeTarget section */

/* Begin PBXProject section */
		01049AE488E3863200E81EBD /* Project object */ = {
			isa = PBXProject;
			attributes = {
				BuildIndependentTargetsInParallel = YES;
				LastUpgradeCheck = 1430;
				TargetAttributes = {
					C9F798B0DD3D68A4D4F55662 = {
						DevelopmentTeam = FCAW792CJD;
					};
					E98A95C5C58C69D94F96DD52 = {
						DevelopmentTeam = FCAW792CJD;
					};
				};
			};
			buildConfigurationList = 130257229D928B8F036D9DC5 /* Build configuration list for PBXProject "听写复习本" */;
			developmentRegion = en;
			hasScannedForEncodings = 0;
			knownRegions = (
				Base,
				en,
			);
			mainGroup = 403372BBC3BC500F5D6BB989;
			minimizedProjectReferenceProxies = 1;
			preferredProjectObjectVersion = 77;
			productRefGroup = D966FD47D52A1FF0A3232F49 /* Products */;
			projectDirPath = "";
			projectRoot = "";
			targets = (
				E98A95C5C58C69D94F96DD52 /* TypoWidget */,
				C9F798B0DD3D68A4D4F55662 /* 听写复习本 */,
			);
		};
/* End PBXProject section */

/* Begin PBXResourcesBuildPhase section */
		07B2624AECD7CA1EC96A3C6F /* Resources */ = {
			isa = PBXResourcesBuildPhase;
			buildActionMask = 2147483647;
			files = (
				1BE60DD7F25B825A3006B512 /* Assets.xcassets in Resources */,
			);
			runOnlyForDeploymentPostprocessing = 0;
		};
		2F31AA53B8FC2574ED2D8FFD /* Resources */ = {
			isa = PBXResourcesBuildPhase;
			buildActionMask = 2147483647;
			files = (
				D8F6247E90A49A83716297D8 /* Assets.xcassets in Resources */,
				8DD0DB1825D5A2A8FBA4F3AD /* Contents.json in Resources */,
			);
			runOnlyForDeploymentPostprocessing = 0;
		};
/* End PBXResourcesBuildPhase section */

/* Begin PBXSourcesBuildPhase section */
		439040D89F06F76CC868EEE8 /* Sources */ = {
			isa = PBXSourcesBuildPhase;
			buildActionMask = 2147483647;
			files = (
				72A0AD1C9ECE14013C08D6DA /* AppIntent.swift in Sources */,
				DDCF8DA830A19662393BA8B3 /* AppModel.swift in Sources */,
				236146C126C23D9B6E5D5C5C /* AppSettings.swift in Sources */,
				BA3B7C0964D938CF4B19305E /* DictationEntry.swift in Sources */,
				49F46D567B3A573F4FD1D62F /* DictationSession.swift in Sources */,
				3AF15FAED92D5ED817ABE383 /* ReviewItem.swift in Sources */,
				68CBAC5CA5A8A53EFAE4906D /* ReviewRecord.swift in Sources */,
				E1FDCFE5F33348BCFA5FBB7F /* ScheduleItem.swift in Sources */,
				3691366ACBA76922B16B1786 /* TaskCompletion.swift in Sources */,
				A046BF33825080EEED7D2285 /* TaskItem.swift in Sources */,
				38BD7003450DFB87BFB47732 /* TypoWidget.swift in Sources */,
				963D00C473C8F1621AA6A93C /* TypoWidgetBundle.swift in Sources */,
				54DF6B78B07A19D666591EA1 /* TypoWidgetControl.swift in Sources */,
				F57CFB6F0C8C4D236FB6878D /* TypoWidgetLiveActivity.swift in Sources */,
			);
			runOnlyForDeploymentPostprocessing = 0;
		};
		4F959B8FE7098F479EE6A6A7 /* Sources */ = {
			isa = PBXSourcesBuildPhase;
			buildActionMask = 2147483647;
			files = (
				8B58527C28E31748BB6A27C5 /* AddDictationSessionView.swift in Sources */,
				7350AF86868396BB77881B4A /* AddReviewItemView.swift in Sources */,
				F2639B6BCE88ED5084EADFDB /* AddScheduleView.swift in Sources */,
				CBE04FABF7F77F50A74027E2 /* AddTaskView.swift in Sources */,
				3B1FE29B5A75D2743576EB5E /* AdvancedSyncDiagnosticView.swift in Sources */,
				DF19E9BF447813C14B3C0B4A /* AppModel.swift in Sources */,
				2E1F7231B968C31E01B33689 /* AppSettings.swift in Sources */,
				01634FB78D42C465212540EA /* BatchAddReviewItemsView.swift in Sources */,
				932330CC5F580390519EA018 /* BatchReviewGradingView.swift in Sources */,
				231AA24240FC6FCBD6A369F2 /* BatchReviewSessionView.swift in Sources */,
				5FCF0E1D826394BF87A3A0AE /* DashboardBoardView.swift in Sources */,
				8101EFDBFE693CE7C0CEF6CE /* DataBackup.swift in Sources */,
				2A7CAA439DC94CE3F611031F /* DictationEntry.swift in Sources */,
				33ABD76890827A3B0D6FB67D /* DictationHomeView.swift in Sources */,
				9B3748AF8610AB9DAEDC55A3 /* DictationReviewView.swift in Sources */,
				52C80639956553686BF9E68F /* DictationSession.swift in Sources */,
				C4A164C2713F7EBDE40E4E17 /* DictationSessionView.swift in Sources */,
				67A2D2AB90E5C98ED3ACD524 /* HomeView.swift in Sources */,
				1F5BBAEFD6C810FCEBCB7CBD /* LibraryView.swift in Sources */,
				9D1ADDEC791C0E72883CA9F1 /* MediaAsset.swift in Sources */,
				05D5B2F072C304A399E4A4F8 /* MediaLibraryStorage.swift in Sources */,
				02170754DD292DCFA5C74304 /* MediaLibraryStore.swift in Sources */,
				5C69CE3AE0ADF0F4CEA24B3E /* MediaLibraryView.swift in Sources */,
				999D5660FD952DBD59907F07 /* MediaPlaybackCoordinator.swift in Sources */,
				67A2899B1980619FFDC0A3D3 /* ReviewItem.swift in Sources */,
				0CF6EA9D83611EC51A035122 /* ReviewRecord.swift in Sources */,
				BB05FCD5CE7DA8AFAA98C5BD /* ReviewScheduler.swift in Sources */,
				4A62774D722D1EF6EE0B35CB /* ReviewSessionView.swift in Sources */,
				F24EAA2C2EDFBE490535AC3E /* RootTabView.swift in Sources */,
				7C846FEEA034B97E5EA18910 /* ScheduleItem.swift in Sources */,
				591AC7542BF73D4D646BF4F6 /* SettingsView.swift in Sources */,
				49CCE52D144C3A48092DD4FE /* SharedUI.swift in Sources */,
				B7EB4DA6A822CF40AB65AFB9 /* SpeechAudioSession.swift in Sources */,
				6992AD6ECF794273F77DADA8 /* SyncStatusStore.swift in Sources */,
				27CD033589B8502762E72EAE /* TaskCompletion.swift in Sources */,
				BCD05E0BC0D36F08B2E1C1DC /* TaskItem.swift in Sources */,
				306CEB94A3A077245DAFD545 /* TasksView.swift in Sources */,
				62551E570E2047731260F22B /* TypoReviewApp.swift in Sources */,
			);
			runOnlyForDeploymentPostprocessing = 0;
		};
/* End PBXSourcesBuildPhase section */

/* Begin PBXTargetDependency section */
		DE231C46CB11FD58A90DB364 /* PBXTargetDependency */ = {
			isa = PBXTargetDependency;
			target = E98A95C5C58C69D94F96DD52 /* TypoWidget */;
			targetProxy = F178C30041669E8A17693C5A /* PBXContainerItemProxy */;
		};
/* End PBXTargetDependency section */

/* Begin XCBuildConfiguration section */
		03A679B8130D5DA06C4DF198 /* Debug */ = {
			isa = XCBuildConfiguration;
			buildSettings = {
				SDKROOT = iphoneos;
			};
			name = Debug;
		};
		3196CCD4D7C444CA25937C3B /* Release */ = {
			isa = XCBuildConfiguration;
			buildSettings = {
				ASSETCATALOG_COMPILER_APPICON_NAME = AppIcon;
				CODE_SIGN_ENTITLEMENTS = "错字复习/错字复习.entitlements";
				CURRENT_PROJECT_VERSION = 2;
				DEVELOPMENT_TEAM = FCAW792CJD;
				GENERATE_INFOPLIST_FILE = YES;
				INFOPLIST_FILE = "错字复习/Info.plist";
				INFOPLIST_KEY_CFBundleDevelopmentRegion = zh_Hans;
				INFOPLIST_KEY_CFBundleDisplayName = "听写复习本";
				INFOPLIST_KEY_CFBundleLocalizations = (
					zh_Hans,
					en,
				);
				INFOPLIST_KEY_ITSAppUsesNonExemptEncryption = NO;
				INFOPLIST_KEY_UIBackgroundModes = (
					"remote-notification",
				);
				INFOPLIST_KEY_UILaunchScreen_Generation = YES;
				INFOPLIST_KEY_UISupportedInterfaceOrientations = "UIInterfaceOrientationPortrait UIInterfaceOrientationPortraitUpsideDown UIInterfaceOrientationLandscapeLeft UIInterfaceOrientationLandscapeRight";
				"INFOPLIST_KEY_UISupportedInterfaceOrientations~ipad" = "UIInterfaceOrientationPortrait UIInterfaceOrientationPortraitUpsideDown UIInterfaceOrientationLandscapeLeft UIInterfaceOrientationLandscapeRight";
				IPHONEOS_DEPLOYMENT_TARGET = 17.0;
				MARKETING_VERSION = 1.2.1;
				PRODUCT_BUNDLE_IDENTIFIER = "cc.xiaorsz.typo-review";
				PRODUCT_NAME = TypoReview;
				SWIFT_VERSION = 5.0;
				TARGETED_DEVICE_FAMILY = "1,2";
			};
			name = Release;
		};
		67433F1F0B57B042BC573633 /* Debug */ = {
			isa = XCBuildConfiguration;
			buildSettings = {
				CODE_SIGN_ENTITLEMENTS = TypoWidget/TypoWidget.entitlements;
				CURRENT_PROJECT_VERSION = 2;
				DEVELOPMENT_TEAM = FCAW792CJD;
				INFOPLIST_FILE = TypoWidget/Info.plist;
				IPHONEOS_DEPLOYMENT_TARGET = 17.0;
				MARKETING_VERSION = 1.2.1;
				PRODUCT_BUNDLE_IDENTIFIER = "cc.xiaorsz.typo-review.TypoWidget";
				PRODUCT_NAME = TypoWidget;
				SWIFT_VERSION = 5.0;
			};
			name = Debug;
		};
		A42B134A60A60BBAF3539411 /* Release */ = {
			isa = XCBuildConfiguration;
			buildSettings = {
				CODE_SIGN_ENTITLEMENTS = TypoWidget/TypoWidget.entitlements;
				CURRENT_PROJECT_VERSION = 2;
				DEVELOPMENT_TEAM = FCAW792CJD;
				INFOPLIST_FILE = TypoWidget/Info.plist;
				IPHONEOS_DEPLOYMENT_TARGET = 17.0;
				MARKETING_VERSION = 1.2.1;
				PRODUCT_BUNDLE_IDENTIFIER = "cc.xiaorsz.typo-review.TypoWidget";
				PRODUCT_NAME = TypoWidget;
				SWIFT_VERSION = 5.0;
			};
			name = Release;
		};
		A732682320ECE4A8E451D6E2 /* Debug */ = {
			isa = XCBuildConfiguration;
			buildSettings = {
				ASSETCATALOG_COMPILER_APPICON_NAME = AppIcon;
				CODE_SIGN_ENTITLEMENTS = "错字复习/错字复习.entitlements";
				CURRENT_PROJECT_VERSION = 2;
				DEVELOPMENT_TEAM = FCAW792CJD;
				GENERATE_INFOPLIST_FILE = YES;
				INFOPLIST_FILE = "错字复习/Info.plist";
				INFOPLIST_KEY_CFBundleDevelopmentRegion = zh_Hans;
				INFOPLIST_KEY_CFBundleDisplayName = "听写复习本";
				INFOPLIST_KEY_CFBundleLocalizations = (
					zh_Hans,
					en,
				);
				INFOPLIST_KEY_ITSAppUsesNonExemptEncryption = NO;
				INFOPLIST_KEY_UIBackgroundModes = (
					"remote-notification",
				);
				INFOPLIST_KEY_UILaunchScreen_Generation = YES;
				INFOPLIST_KEY_UISupportedInterfaceOrientations = "UIInterfaceOrientationPortrait UIInterfaceOrientationPortraitUpsideDown UIInterfaceOrientationLandscapeLeft UIInterfaceOrientationLandscapeRight";
				"INFOPLIST_KEY_UISupportedInterfaceOrientations~ipad" = "UIInterfaceOrientationPortrait UIInterfaceOrientationPortraitUpsideDown UIInterfaceOrientationLandscapeLeft UIInterfaceOrientationLandscapeRight";
				IPHONEOS_DEPLOYMENT_TARGET = 17.0;
				MARKETING_VERSION = 1.2.1;
				PRODUCT_BUNDLE_IDENTIFIER = "cc.xiaorsz.typo-review";
				PRODUCT_NAME = TypoReview;
				SWIFT_VERSION = 5.0;
				TARGETED_DEVICE_FAMILY = "1,2";
			};
			name = Debug;
		};
		AC210FFA5E717367DA656C39 /* Release */ = {
			isa = XCBuildConfiguration;
			buildSettings = {
				SDKROOT = iphoneos;
			};
			name = Release;
		};
/* End XCBuildConfiguration section */

/* Begin XCConfigurationList section */
		130257229D928B8F036D9DC5 /* Build configuration list for PBXProject "听写复习本" */ = {
			isa = XCConfigurationList;
			buildConfigurations = (
				03A679B8130D5DA06C4DF198 /* Debug */,
				AC210FFA5E717367DA656C39 /* Release */,
			);
			defaultConfigurationIsVisible = 0;
			defaultConfigurationName = Debug;
		};
		DB1EC2CF522640A6DB841F3F /* Build configuration list for PBXNativeTarget "TypoWidget" */ = {
			isa = XCConfigurationList;
			buildConfigurations = (
				67433F1F0B57B042BC573633 /* Debug */,
				A42B134A60A60BBAF3539411 /* Release */,
			);
			defaultConfigurationIsVisible = 0;
			defaultConfigurationName = Debug;
		};
		EE4F2AF06CD4021E23892D25 /* Build configuration list for PBXNativeTarget "听写复习本" */ = {
			isa = XCConfigurationList;
			buildConfigurations = (
				A732682320ECE4A8E451D6E2 /* Debug */,
				3196CCD4D7C444CA25937C3B /* Release */,
			);
			defaultConfigurationIsVisible = 0;
			defaultConfigurationName = Debug;
		};
/* End XCConfigurationList section */
	};
	rootObject = 01049AE488E3863200E81EBD /* Project object */;
}
